
Microsoft Visual Studio Solution File, Format Version 12.00
# Visual Studio 14
VisualStudioVersion = 14.0.25420.1
MinimumVisualStudioVersion = 10.0.40219.1
Project("{FAE04EC0-301F-11D3-BF4B-00C04F79EFBC}") = "Calc", "Calc\Calc.csproj", "{67092ADF-1B3F-45B3-A823-5D03FBF88789}"
EndProject
Project("{FAE04EC0-301F-11D3-BF4B-00C04F79EFBC}") = "UnitTestProject1", "..\UnitTestProject1\UnitTestProject1\UnitTestProject1.csproj", "{CA7CD3E8-29D9-4355-B891-D8B21A5B44D6}"
EndProject
Project("{FAE04EC0-301F-11D3-BF4B-00C04F79EFBC}") = "WFCalc", "WFCalc\WFCalc.csproj", "{456F7C1E-9438-47FA-A334-B01400A71698}"
EndProject
Project("{FAE04EC0-301F-11D3-BF4B-00C04F79EFBC}") = "WebCalc", "WebCalc\WebCalc.csproj", "{11453C6A-A166-45DC-94E2-4B5D89ACDB1D}"
EndProject
Global
	GlobalSection(SolutionConfigurationPlatforms) = preSolution
		Debug|Any CPU = Debug|Any CPU
		Release|Any CPU = Release|Any CPU
	EndGlobalSection
	GlobalSection(ProjectConfigurationPlatforms) = postSolution
		{67092ADF-1B3F-45B3-A823-5D03FBF88789}.Debug|Any CPU.ActiveCfg = Debug|Any CPU
		{67092ADF-1B3F-45B3-A823-5D03FBF88789}.Debug|Any CPU.Build.0 = Debug|Any CPU
		{67092ADF-1B3F-45B3-A823-5D03FBF88789}.Release|Any CPU.ActiveCfg = Release|Any CPU
		{67092ADF-1B3F-45B3-A823-5D03FBF88789}.Release|Any CPU.Build.0 = Release|Any CPU
		{CA7CD3E8-29D9-4355-B891-D8B21A5B44D6}.Debug|Any CPU.ActiveCfg = Debug|Any CPU
		{CA7CD3E8-29D9-4355-B891-D8B21A5B44D6}.Debug|Any CPU.Build.0 = Debug|Any CPU
		{CA7CD3E8-29D9-4355-B891-D8B21A5B44D6}.Release|Any CPU.ActiveCfg = Release|Any CPU
		{CA7CD3E8-29D9-4355-B891-D8B21A5B44D6}.Release|Any CPU.Build.0 = Release|Any CPU
		{456F7C1E-9438-47FA-A334-B01400A71698}.Debug|Any CPU.ActiveCfg = Debug|Any CPU
		{456F7C1E-9438-47FA-A334-B01400A71698}.Debug|Any CPU.Build.0 = Debug|Any CPU
		{456F7C1E-9438-47FA-A334-B01400A71698}.Release|Any CPU.ActiveCfg = Release|Any CPU
		{456F7C1E-9438-47FA-A334-B01400A71698}.Release|Any CPU.Build.0 = Release|Any CPU
		{11453C6A-A166-45DC-94E2-4B5D89ACDB1D}.Debug|Any CPU.ActiveCfg = Debug|Any CPU
		{11453C6A-A166-45DC-94E2-4B5D89ACDB1D}.Debug|Any CPU.Build.0 = Debug|Any CPU
		{11453C6A-A166-45DC-94E2-4B5D89ACDB1D}.Release|Any CPU.ActiveCfg = Release|Any CPU
		{11453C6A-A166-45DC-94E2-4B5D89ACDB1D}.Release|Any CPU.Build.0 = Release|Any CPU
	EndGlobalSection
	GlobalSection(SolutionProperties) = preSolution
		HideSolutionNode = FALSE
	EndGlobalSection
EndGlobal
